
Microsoft Visual Studio Solution File, Format Version 12.00
# Visual Studio Version 16
VisualStudioVersion = 16.0.30128.74
MinimumVisualStudioVersion = 10.0.40219.1
Project("{FAE04EC0-301F-11D3-BF4B-00C04F79EFBC}") = "FindNumberInStringStream", "FindNumberInStringStream\FindNumberInStringStream.csproj", "{F4562C58-3907-469C-8BA7-AEE18040FD0E}"
EndProject
Global
	GlobalSection(SolutionConfigurationPlatforms) = preSolution
		Debug|Any CPU = Debug|Any CPU
		Release|Any CPU = Release|Any CPU
	EndGlobalSection
	GlobalSection(ProjectConfigurationPlatforms) = postSolution
		{F4562C58-3907-469C-8BA7-AEE18040FD0E}.Debug|Any CPU.ActiveCfg = Debug|Any CPU
		{F4562C58-3907-469C-8BA7-AEE18040FD0E}.Debug|Any CPU.Build.0 = Debug|Any CPU
		{F4562C58-3907-469C-8BA7-AEE18040FD0E}.Release|Any CPU.ActiveCfg = Release|Any CPU
		{F4562C58-3907-469C-8BA7-AEE18040FD0E}.Release|Any CPU.Build.0 = Release|Any CPU
	EndGlobalSection
	GlobalSection(SolutionProperties) = preSolution
		HideSolutionNode = FALSE
	EndGlobalSection
	GlobalSection(ExtensibilityGlobals) = postSolution
		SolutionGuid = {5B06E1E4-D278-4AE0-AE72-67EE82BE1A8B}
	EndGlobalSection
EndGlobal
